
Microsoft Visual Studio Solution File, Format Version 12.00
# Visual Studio 15
VisualStudioVersion = 15.0.27004.2008
MinimumVisualStudioVersion = 10.0.40219.1
Project("{FAE04EC0-301F-11D3-BF4B-00C04F79EFBC}") = "Aircompany.Web", "Aircompany.Web\Aircompany.Web.csproj", "{3C28474C-1221-4651-8ECF-8BE3506A55FE}"
EndProject
Project("{FAE04EC0-301F-11D3-BF4B-00C04F79EFBC}") = "Aircompany.DataAccess", "Aircompany.DataAccess\Aircompany.DataAccess.csproj", "{BCB3E5E1-197D-4277-8C9B-11BF69CF5EE0}"
EndProject
Project("{FAE04EC0-301F-11D3-BF4B-00C04F79EFBC}") = "Aircompany.Services", "Aircompany.Services\Aircompany.Services.csproj", "{E9703D90-035E-4546-889A-1350D31C61B7}"
EndProject
Global
	GlobalSection(SolutionConfigurationPlatforms) = preSolution
		Debug|Any CPU = Debug|Any CPU
		Release|Any CPU = Release|Any CPU
	EndGlobalSection
	GlobalSection(ProjectConfigurationPlatforms) = postSolution
		{3C28474C-1221-4651-8ECF-8BE3506A55FE}.Debug|Any CPU.ActiveCfg = Debug|Any CPU
		{3C28474C-1221-4651-8ECF-8BE3506A55FE}.Debug|Any CPU.Build.0 = Debug|Any CPU
		{3C28474C-1221-4651-8ECF-8BE3506A55FE}.Release|Any CPU.ActiveCfg = Release|Any CPU
		{3C28474C-1221-4651-8ECF-8BE3506A55FE}.Release|Any CPU.Build.0 = Release|Any CPU
		{BCB3E5E1-197D-4277-8C9B-11BF69CF5EE0}.Debug|Any CPU.ActiveCfg = Debug|Any CPU
		{BCB3E5E1-197D-4277-8C9B-11BF69CF5EE0}.Debug|Any CPU.Build.0 = Debug|Any CPU
		{BCB3E5E1-197D-4277-8C9B-11BF69CF5EE0}.Release|Any CPU.ActiveCfg = Release|Any CPU
		{BCB3E5E1-197D-4277-8C9B-11BF69CF5EE0}.Release|Any CPU.Build.0 = Release|Any CPU
		{E9703D90-035E-4546-889A-1350D31C61B7}.Debug|Any CPU.ActiveCfg = Debug|Any CPU
		{E9703D90-035E-4546-889A-1350D31C61B7}.Debug|Any CPU.Build.0 = Debug|Any CPU
		{E9703D90-035E-4546-889A-1350D31C61B7}.Release|Any CPU.ActiveCfg = Release|Any CPU
		{E9703D90-035E-4546-889A-1350D31C61B7}.Release|Any CPU.Build.0 = Release|Any CPU
	EndGlobalSection
	GlobalSection(SolutionProperties) = preSolution
		HideSolutionNode = FALSE
	EndGlobalSection
	GlobalSection(ExtensibilityGlobals) = postSolution
		SolutionGuid = {1366039B-1504-427B-BD6C-18550250FCDA}
	EndGlobalSection
EndGlobal
